
Microsoft Visual Studio Solution File, Format Version 12.00
# Visual Studio Version 17
VisualStudioVersion = 17.8.34330.188
MinimumVisualStudioVersion = 10.0.40219.1
Project("{FAE04EC0-301F-11D3-BF4B-00C04F79EFBC}") = "reRepasoPuntoNet", "reRepasoPuntoNet\reRepasoPuntoNet.csproj", "{4ECD54AB-1E5F-4285-8758-88F9F303D1D8}"
EndProject
Project("{FAE04EC0-301F-11D3-BF4B-00C04F79EFBC}") = "DAL", "DAL\DAL.csproj", "{0C5DF4E1-E558-4B20-B0DD-529DEEFFC509}"
EndProject
Global
	GlobalSection(SolutionConfigurationPlatforms) = preSolution
		Debug|Any CPU = Debug|Any CPU
		Release|Any CPU = Release|Any CPU
	EndGlobalSection
	GlobalSection(ProjectConfigurationPlatforms) = postSolution
		{4ECD54AB-1E5F-4285-8758-88F9F303D1D8}.Debug|Any CPU.ActiveCfg = Debug|Any CPU
		{4ECD54AB-1E5F-4285-8758-88F9F303D1D8}.Debug|Any CPU.Build.0 = Debug|Any CPU
		{4ECD54AB-1E5F-4285-8758-88F9F303D1D8}.Release|Any CPU.ActiveCfg = Release|Any CPU
		{4ECD54AB-1E5F-4285-8758-88F9F303D1D8}.Release|Any CPU.Build.0 = Release|Any CPU
		{0C5DF4E1-E558-4B20-B0DD-529DEEFFC509}.Debug|Any CPU.ActiveCfg = Debug|Any CPU
		{0C5DF4E1-E558-4B20-B0DD-529DEEFFC509}.Debug|Any CPU.Build.0 = Debug|Any CPU
		{0C5DF4E1-E558-4B20-B0DD-529DEEFFC509}.Release|Any CPU.ActiveCfg = Release|Any CPU
		{0C5DF4E1-E558-4B20-B0DD-529DEEFFC509}.Release|Any CPU.Build.0 = Release|Any CPU
	EndGlobalSection
	GlobalSection(SolutionProperties) = preSolution
		HideSolutionNode = FALSE
	EndGlobalSection
	GlobalSection(ExtensibilityGlobals) = postSolution
		SolutionGuid = {1198BFAC-AA11-4E28-8D9B-E010EB698E06}
	EndGlobalSection
EndGlobal
